
Microsoft Visual Studio Solution File, Format Version 12.00
# Visual Studio Version 17
VisualStudioVersion = 17.6.33815.320
MinimumVisualStudioVersion = 10.0.40219.1
Project("{9A19103F-16F7-4668-BE54-9A1E7A4F7556}") = "BugTrackerMvcTesting", "BugTrackerMvcTesting\BugTrackerMvcTesting.csproj", "{09FA478C-CD2C-4364-B204-A1CA90BC1A41}"
EndProject
Project("{54A90642-561A-4BB1-A94E-469ADEE60C69}") = "bugtrackerfrontend", "BugTrackerFrontend\bugtrackerfrontend.esproj", "{4C59DBB5-9797-46C3-9F4A-C89F82220FDC}"
EndProject
Project("{9A19103F-16F7-4668-BE54-9A1E7A4F7556}") = "BugTracker.API", "BugTracker.API\BugTracker.API.csproj", "{873ACDBA-1596-4162-B0D1-A04C41276E31}"
	ProjectSection(ProjectDependencies) = postProject
		{26B46614-AF6A-43A9-BBD4-F98A8A02D4CD} = {26B46614-AF6A-43A9-BBD4-F98A8A02D4CD}
		{9A944BCC-0AE1-42A5-9459-D3B70CCAE1A5} = {9A944BCC-0AE1-42A5-9459-D3B70CCAE1A5}
		{ABA9A0AE-E75D-4ECD-A8C9-3922723EE82B} = {ABA9A0AE-E75D-4ECD-A8C9-3922723EE82B}
	EndProjectSection
EndProject
Project("{9A19103F-16F7-4668-BE54-9A1E7A4F7556}") = "BugTracker.BLL", "BugTracker.BLL\BugTracker.BLL.csproj", "{9A944BCC-0AE1-42A5-9459-D3B70CCAE1A5}"
EndProject
Project("{9A19103F-16F7-4668-BE54-9A1E7A4F7556}") = "BugTracker.DAL", "BugTracker.DAL\BugTracker.DAL.csproj", "{26B46614-AF6A-43A9-BBD4-F98A8A02D4CD}"
EndProject
Project("{9A19103F-16F7-4668-BE54-9A1E7A4F7556}") = "BugTracker.DTO", "BugTracker.DTO\BugTracker.DTO.csproj", "{ABA9A0AE-E75D-4ECD-A8C9-3922723EE82B}"
EndProject
Global
	GlobalSection(SolutionConfigurationPlatforms) = preSolution
		Debug|Any CPU = Debug|Any CPU
		Release|Any CPU = Release|Any CPU
	EndGlobalSection
	GlobalSection(ProjectConfigurationPlatforms) = postSolution
		{09FA478C-CD2C-4364-B204-A1CA90BC1A41}.Debug|Any CPU.ActiveCfg = Debug|Any CPU
		{09FA478C-CD2C-4364-B204-A1CA90BC1A41}.Debug|Any CPU.Build.0 = Debug|Any CPU
		{09FA478C-CD2C-4364-B204-A1CA90BC1A41}.Release|Any CPU.ActiveCfg = Release|Any CPU
		{09FA478C-CD2C-4364-B204-A1CA90BC1A41}.Release|Any CPU.Build.0 = Release|Any CPU
		{4C59DBB5-9797-46C3-9F4A-C89F82220FDC}.Debug|Any CPU.ActiveCfg = Debug|Any CPU
		{4C59DBB5-9797-46C3-9F4A-C89F82220FDC}.Debug|Any CPU.Build.0 = Debug|Any CPU
		{4C59DBB5-9797-46C3-9F4A-C89F82220FDC}.Debug|Any CPU.Deploy.0 = Debug|Any CPU
		{4C59DBB5-9797-46C3-9F4A-C89F82220FDC}.Release|Any CPU.ActiveCfg = Release|Any CPU
		{4C59DBB5-9797-46C3-9F4A-C89F82220FDC}.Release|Any CPU.Build.0 = Release|Any CPU
		{4C59DBB5-9797-46C3-9F4A-C89F82220FDC}.Release|Any CPU.Deploy.0 = Release|Any CPU
		{873ACDBA-1596-4162-B0D1-A04C41276E31}.Debug|Any CPU.ActiveCfg = Debug|Any CPU
		{873ACDBA-1596-4162-B0D1-A04C41276E31}.Debug|Any CPU.Build.0 = Debug|Any CPU
		{873ACDBA-1596-4162-B0D1-A04C41276E31}.Release|Any CPU.ActiveCfg = Release|Any CPU
		{873ACDBA-1596-4162-B0D1-A04C41276E31}.Release|Any CPU.Build.0 = Release|Any CPU
		{9A944BCC-0AE1-42A5-9459-D3B70CCAE1A5}.Debug|Any CPU.ActiveCfg = Debug|Any CPU
		{9A944BCC-0AE1-42A5-9459-D3B70CCAE1A5}.Debug|Any CPU.Build.0 = Debug|Any CPU
		{9A944BCC-0AE1-42A5-9459-D3B70CCAE1A5}.Release|Any CPU.ActiveCfg = Release|Any CPU
		{9A944BCC-0AE1-42A5-9459-D3B70CCAE1A5}.Release|Any CPU.Build.0 = Release|Any CPU
		{26B46614-AF6A-43A9-BBD4-F98A8A02D4CD}.Debug|Any CPU.ActiveCfg = Debug|Any CPU
		{26B46614-AF6A-43A9-BBD4-F98A8A02D4CD}.Debug|Any CPU.Build.0 = Debug|Any CPU
		{26B46614-AF6A-43A9-BBD4-F98A8A02D4CD}.Release|Any CPU.ActiveCfg = Release|Any CPU
		{26B46614-AF6A-43A9-BBD4-F98A8A02D4CD}.Release|Any CPU.Build.0 = Release|Any CPU
		{ABA9A0AE-E75D-4ECD-A8C9-3922723EE82B}.Debug|Any CPU.ActiveCfg = Debug|Any CPU
		{ABA9A0AE-E75D-4ECD-A8C9-3922723EE82B}.Debug|Any CPU.Build.0 = Debug|Any CPU
		{ABA9A0AE-E75D-4ECD-A8C9-3922723EE82B}.Release|Any CPU.ActiveCfg = Release|Any CPU
		{ABA9A0AE-E75D-4ECD-A8C9-3922723EE82B}.Release|Any CPU.Build.0 = Release|Any CPU
	EndGlobalSection
	GlobalSection(SolutionProperties) = preSolution
		HideSolutionNode = FALSE
	EndGlobalSection
	GlobalSection(ExtensibilityGlobals) = postSolution
		SolutionGuid = {D79CD826-7209-4E79-8921-065848EC766C}
	EndGlobalSection
EndGlobal
