
Microsoft Visual Studio Solution File, Format Version 12.00
# Visual Studio Version 17
VisualStudioVersion = 17.6.33815.320
MinimumVisualStudioVersion = 10.0.40219.1
Project("{9A19103F-16F7-4668-BE54-9A1E7A4F7556}") = "BugTrackerMvc", "BugTrackerMvc\BugTrackerMvc.csproj", "{08D3B4CF-8E42-4EE0-9F55-D9C4A6DD6A29}"
EndProject
Project("{9A19103F-16F7-4668-BE54-9A1E7A4F7556}") = "BugTrackerMvcTesting", "BugTrackerMvcTesting\BugTrackerMvcTesting.csproj", "{09FA478C-CD2C-4364-B204-A1CA90BC1A41}"
	ProjectSection(ProjectDependencies) = postProject
		{08D3B4CF-8E42-4EE0-9F55-D9C4A6DD6A29} = {08D3B4CF-8E42-4EE0-9F55-D9C4A6DD6A29}
	EndProjectSection
EndProject
Project("{54A90642-561A-4BB1-A94E-469ADEE60C69}") = "bugtrackerfrontend", "BugTrackerFrontend\bugtrackerfrontend.esproj", "{4C59DBB5-9797-46C3-9F4A-C89F82220FDC}"
EndProject
Global
	GlobalSection(SolutionConfigurationPlatforms) = preSolution
		Debug|Any CPU = Debug|Any CPU
		Release|Any CPU = Release|Any CPU
	EndGlobalSection
	GlobalSection(ProjectConfigurationPlatforms) = postSolution
		{08D3B4CF-8E42-4EE0-9F55-D9C4A6DD6A29}.Debug|Any CPU.ActiveCfg = Debug|Any CPU
		{08D3B4CF-8E42-4EE0-9F55-D9C4A6DD6A29}.Debug|Any CPU.Build.0 = Debug|Any CPU
		{08D3B4CF-8E42-4EE0-9F55-D9C4A6DD6A29}.Release|Any CPU.ActiveCfg = Release|Any CPU
		{08D3B4CF-8E42-4EE0-9F55-D9C4A6DD6A29}.Release|Any CPU.Build.0 = Release|Any CPU
		{09FA478C-CD2C-4364-B204-A1CA90BC1A41}.Debug|Any CPU.ActiveCfg = Debug|Any CPU
		{09FA478C-CD2C-4364-B204-A1CA90BC1A41}.Debug|Any CPU.Build.0 = Debug|Any CPU
		{09FA478C-CD2C-4364-B204-A1CA90BC1A41}.Release|Any CPU.ActiveCfg = Release|Any CPU
		{09FA478C-CD2C-4364-B204-A1CA90BC1A41}.Release|Any CPU.Build.0 = Release|Any CPU
		{4C59DBB5-9797-46C3-9F4A-C89F82220FDC}.Debug|Any CPU.ActiveCfg = Debug|Any CPU
		{4C59DBB5-9797-46C3-9F4A-C89F82220FDC}.Debug|Any CPU.Build.0 = Debug|Any CPU
		{4C59DBB5-9797-46C3-9F4A-C89F82220FDC}.Debug|Any CPU.Deploy.0 = Debug|Any CPU
		{4C59DBB5-9797-46C3-9F4A-C89F82220FDC}.Release|Any CPU.ActiveCfg = Release|Any CPU
		{4C59DBB5-9797-46C3-9F4A-C89F82220FDC}.Release|Any CPU.Build.0 = Release|Any CPU
		{4C59DBB5-9797-46C3-9F4A-C89F82220FDC}.Release|Any CPU.Deploy.0 = Release|Any CPU
	EndGlobalSection
	GlobalSection(SolutionProperties) = preSolution
		HideSolutionNode = FALSE
	EndGlobalSection
	GlobalSection(ExtensibilityGlobals) = postSolution
		SolutionGuid = {D79CD826-7209-4E79-8921-065848EC766C}
	EndGlobalSection
EndGlobal
